
Microsoft Visual Studio Solution File, Format Version 12.00
# Visual Studio Version 17
VisualStudioVersion = 17.9.34607.119
MinimumVisualStudioVersion = 10.0.40219.1
Project("{9A19103F-16F7-4668-BE54-9A1E7A4F7556}") = "Smooth.Flaunt.Api", "Smooth.Flaunt.Api\Smooth.Flaunt.Api.csproj", "{3E0171E9-A880-4171-A9BD-4AA0B2F419D7}"
EndProject
Project("{9A19103F-16F7-4668-BE54-9A1E7A4F7556}") = "Smooth.Flaunt.Api.Application", "Smooth.Flaunt.Api.Application\Smooth.Flaunt.Api.Application.csproj", "{69E888D7-1051-4DB9-B013-CC81A2FBCE2F}"
EndProject
Project("{9A19103F-16F7-4668-BE54-9A1E7A4F7556}") = "Smooth.Flaunt.Api.Infrastructure", "Smooth.Flaunt.Api.Infrastructure\Smooth.Flaunt.Api.Infrastructure.csproj", "{80E24FA3-02DC-4AE8-A15A-2BB46A63901D}"
EndProject
Global
	GlobalSection(SolutionConfigurationPlatforms) = preSolution
		Debug|Any CPU = Debug|Any CPU
		Release|Any CPU = Release|Any CPU
	EndGlobalSection
	GlobalSection(ProjectConfigurationPlatforms) = postSolution
		{3E0171E9-A880-4171-A9BD-4AA0B2F419D7}.Debug|Any CPU.ActiveCfg = Debug|Any CPU
		{3E0171E9-A880-4171-A9BD-4AA0B2F419D7}.Debug|Any CPU.Build.0 = Debug|Any CPU
		{3E0171E9-A880-4171-A9BD-4AA0B2F419D7}.Release|Any CPU.ActiveCfg = Release|Any CPU
		{3E0171E9-A880-4171-A9BD-4AA0B2F419D7}.Release|Any CPU.Build.0 = Release|Any CPU
		{69E888D7-1051-4DB9-B013-CC81A2FBCE2F}.Debug|Any CPU.ActiveCfg = Debug|Any CPU
		{69E888D7-1051-4DB9-B013-CC81A2FBCE2F}.Debug|Any CPU.Build.0 = Debug|Any CPU
		{69E888D7-1051-4DB9-B013-CC81A2FBCE2F}.Release|Any CPU.ActiveCfg = Release|Any CPU
		{69E888D7-1051-4DB9-B013-CC81A2FBCE2F}.Release|Any CPU.Build.0 = Release|Any CPU
		{80E24FA3-02DC-4AE8-A15A-2BB46A63901D}.Debug|Any CPU.ActiveCfg = Debug|Any CPU
		{80E24FA3-02DC-4AE8-A15A-2BB46A63901D}.Debug|Any CPU.Build.0 = Debug|Any CPU
		{80E24FA3-02DC-4AE8-A15A-2BB46A63901D}.Release|Any CPU.ActiveCfg = Release|Any CPU
		{80E24FA3-02DC-4AE8-A15A-2BB46A63901D}.Release|Any CPU.Build.0 = Release|Any CPU
	EndGlobalSection
	GlobalSection(SolutionProperties) = preSolution
		HideSolutionNode = FALSE
	EndGlobalSection
	GlobalSection(ExtensibilityGlobals) = postSolution
		SolutionGuid = {0DC24E64-4FD1-45F0-8ECF-19646A94BD00}
	EndGlobalSection
EndGlobal
